
Microsoft Visual Studio Solution File, Format Version 12.00
# Visual Studio Version 17
VisualStudioVersion = 17.7.34221.43
MinimumVisualStudioVersion = 10.0.40219.1
Project("{FAE04EC0-301F-11D3-BF4B-00C04F79EFBC}") = "CleanCodeGame", "CleanCodeGame.csproj", "{1BAE0B4F-C2CB-4060-80FE-58761D6CCC2E}"
EndProject
Project("{FAE04EC0-301F-11D3-BF4B-00C04F79EFBC}") = "CleanCodeGame.Test", "..\CleanCodeGame.Test\CleanCodeGame.Test.csproj", "{B932EF94-18DC-4FAF-B3AD-F67517F35540}"
EndProject
Global
	GlobalSection(SolutionConfigurationPlatforms) = preSolution
		Debug|Any CPU = Debug|Any CPU
		Release|Any CPU = Release|Any CPU
	EndGlobalSection
	GlobalSection(ProjectConfigurationPlatforms) = postSolution
		{1BAE0B4F-C2CB-4060-80FE-58761D6CCC2E}.Debug|Any CPU.ActiveCfg = Debug|Any CPU
		{1BAE0B4F-C2CB-4060-80FE-58761D6CCC2E}.Debug|Any CPU.Build.0 = Debug|Any CPU
		{1BAE0B4F-C2CB-4060-80FE-58761D6CCC2E}.Release|Any CPU.ActiveCfg = Release|Any CPU
		{1BAE0B4F-C2CB-4060-80FE-58761D6CCC2E}.Release|Any CPU.Build.0 = Release|Any CPU
		{B932EF94-18DC-4FAF-B3AD-F67517F35540}.Debug|Any CPU.ActiveCfg = Debug|Any CPU
		{B932EF94-18DC-4FAF-B3AD-F67517F35540}.Debug|Any CPU.Build.0 = Debug|Any CPU
		{B932EF94-18DC-4FAF-B3AD-F67517F35540}.Release|Any CPU.ActiveCfg = Release|Any CPU
		{B932EF94-18DC-4FAF-B3AD-F67517F35540}.Release|Any CPU.Build.0 = Release|Any CPU
	EndGlobalSection
	GlobalSection(SolutionProperties) = preSolution
		HideSolutionNode = FALSE
	EndGlobalSection
	GlobalSection(ExtensibilityGlobals) = postSolution
		SolutionGuid = {D9D3E1B4-1375-4FCF-8953-79DB0BF76D75}
	EndGlobalSection
EndGlobal
